
Microsoft Visual Studio Solution File, Format Version 12.00
Project("{FAE04EC0-301F-11D3-BF4B-00C04F79EFBC}") = "TransportPeer", "TransportPeer\TransportPeer.csproj", "{933D9E81-70A4-4BB0-92A4-12A72D55B2A6}"
EndProject
Project("{FAE04EC0-301F-11D3-BF4B-00C04F79EFBC}") = "EKRLib", "EKRLib\EKRLib.csproj", "{2A21C811-7CFF-42F6-A51C-87E177B76B05}"
EndProject
Global
	GlobalSection(SolutionConfigurationPlatforms) = preSolution
		Debug|Any CPU = Debug|Any CPU
		Release|Any CPU = Release|Any CPU
	EndGlobalSection
	GlobalSection(ProjectConfigurationPlatforms) = postSolution
		{933D9E81-70A4-4BB0-92A4-12A72D55B2A6}.Debug|Any CPU.ActiveCfg = Debug|Any CPU
		{933D9E81-70A4-4BB0-92A4-12A72D55B2A6}.Debug|Any CPU.Build.0 = Debug|Any CPU
		{933D9E81-70A4-4BB0-92A4-12A72D55B2A6}.Release|Any CPU.ActiveCfg = Release|Any CPU
		{933D9E81-70A4-4BB0-92A4-12A72D55B2A6}.Release|Any CPU.Build.0 = Release|Any CPU
		{2A21C811-7CFF-42F6-A51C-87E177B76B05}.Debug|Any CPU.ActiveCfg = Debug|Any CPU
		{2A21C811-7CFF-42F6-A51C-87E177B76B05}.Debug|Any CPU.Build.0 = Debug|Any CPU
		{2A21C811-7CFF-42F6-A51C-87E177B76B05}.Release|Any CPU.ActiveCfg = Release|Any CPU
		{2A21C811-7CFF-42F6-A51C-87E177B76B05}.Release|Any CPU.Build.0 = Release|Any CPU
	EndGlobalSection
EndGlobal
